<?xml version="1.0" encoding="utf-8"?>
<Project ToolsVersion="17.0" xmlns="http://schemas.microsoft.com/developer/msbuild/2003">
  <ItemGroup>
    <ClCompile Include="F:\Programming\Projects\OTUS\CPP\HomeWork\HW2\hello_world.cpp">
      <Filter>Source Files</Filter>
    </ClCompile>
    <ClCompile Include="F:\Programming\Projects\OTUS\CPP\HomeWork\HW2\example.cpp">
      <Filter>Source Files</Filter>
    </ClCompile>
  </ItemGroup>
  <ItemGroup>
    <ClInclude Include="F:\Programming\Projects\OTUS\CPP\HomeWork\HW2\example.h">
      <Filter>Header Files</Filter>
    </ClInclude>
  </ItemGroup>
  <ItemGroup>
    <CustomBuild Include="F:\Programming\Projects\OTUS\CPP\HomeWork\HW2\CMakeLists.txt" />
  </ItemGroup>
  <ItemGroup>
    <Filter Include="Header Files">
      <UniqueIdentifier>{D2F65672-2DF2-3C63-818E-7F651BC87333}</UniqueIdentifier>
    </Filter>
    <Filter Include="Source Files">
      <UniqueIdentifier>{D3FB9D1F-1194-3C7A-A57B-5104429CA2DC}</UniqueIdentifier>
    </Filter>
  </ItemGroup>
</Project>
